// !$*UTF8*$!
{
	archiveVersion = 1;
	classes = {
	};
	objectVersion = 50;
	objects = {

/* Begin PBXBuildFile section */
		0C58367325C3A7CA000F9D31 /* AppDelegate.swift in Sources */ = {isa = PBXBuildFile; fileRef = 0C58367225C3A7CA000F9D31 /* AppDelegate.swift */; };
		0C58367525C3A7CA000F9D31 /* SceneDelegate.swift in Sources */ = {isa = PBXBuildFile; fileRef = 0C58367425C3A7CA000F9D31 /* SceneDelegate.swift */; };
		0C58367725C3A7CA000F9D31 /* ViewController.swift in Sources */ = {isa = PBXBuildFile; fileRef = 0C58367625C3A7CA000F9D31 /* ViewController.swift */; };
		0C58367A25C3A7CA000F9D31 /* Main.storyboard in Resources */ = {isa = PBXBuildFile; fileRef = 0C58367825C3A7CA000F9D31 /* Main.storyboard */; };
		0C58367C25C3A7CB000F9D31 /* Assets.xcassets in Resources */ = {isa = PBXBuildFile; fileRef = 0C58367B25C3A7CB000F9D31 /* Assets.xcassets */; };
		0C58367F25C3A7CB000F9D31 /* LaunchScreen.storyboard in Resources */ = {isa = PBXBuildFile; fileRef = 0C58367D25C3A7CB000F9D31 /* LaunchScreen.storyboard */; };
		0C58368A25C3A7CB000F9D31 /* preworkTests.swift in Sources */ = {isa = PBXBuildFile; fileRef = 0C58368925C3A7CB000F9D31 /* preworkTests.swift */; };
		0C58369525C3A7CB000F9D31 /* preworkUITests.swift in Sources */ = {isa = PBXBuildFile; fileRef = 0C58369425C3A7CB000F9D31 /* preworkUITests.swift */; };
/* End PBXBuildFile section */

/* Begin PBXContainerItemProxy section */
		0C58368625C3A7CB000F9D31 /* PBXContainerItemProxy */ = {
			isa = PBXContainerItemProxy;
			containerPortal = 0C58366725C3A7CA000F9D31 /* Project object */;
			proxyType = 1;
			remoteGlobalIDString = 0C58366E25C3A7CA000F9D31;
			remoteInfo = prework;
		};
		0C58369125C3A7CB000F9D31 /* PBXContainerItemProxy */ = {
			isa = PBXContainerItemProxy;
			containerPortal = 0C58366725C3A7CA000F9D31 /* Project object */;
			proxyType = 1;
			remoteGlobalIDString = 0C58366E25C3A7CA000F9D31;
			remoteInfo = prework;
		};
/* End PBXContainerItemProxy section */

/* Begin PBXFileReference section */
		0C58366F25C3A7CA000F9D31 /* prework.app */ = {isa = PBXFileReference; explicitFileType = wrapper.application; includeInIndex = 0; path = prework.app; sourceTree = BUILT_PRODUCTS_DIR; };
		0C58367225C3A7CA000F9D31 /* AppDelegate.swift */ = {isa = PBXFileReference; lastKnownFileType = sourcecode.swift; path = AppDelegate.swift; sourceTree = "<group>"; };
		0C58367425C3A7CA000F9D31 /* SceneDelegate.swift */ = {isa = PBXFileReference; lastKnownFileType = sourcecode.swift; path = SceneDelegate.swift; sourceTree = "<group>"; };
		0C58367625C3A7CA000F9D31 /* ViewController.swift */ = {isa = PBXFileReference; lastKnownFileType = sourcecode.swift; path = ViewController.swift; sourceTree = "<group>"; };
		0C58367925C3A7CA000F9D31 /* Base */ = {isa = PBXFileReference; lastKnownFileType = file.storyboard; name = Base; path = Base.lproj/Main.storyboard; sourceTree = "<group>"; };
		0C58367B25C3A7CB000F9D31 /* Assets.xcassets */ = {isa = PBXFileReference; lastKnownFileType = folder.assetcatalog; path = Assets.xcassets; sourceTree = "<group>"; };
		0C58367E25C3A7CB000F9D31 /* Base */ = {isa = PBXFileReference; lastKnownFileType = file.storyboard; name = Base; path = Base.lproj/LaunchScreen.storyboard; sourceTree = "<group>"; };
		0C58368025C3A7CB000F9D31 /* Info.plist */ = {isa = PBXFileReference; lastKnownFileType = text.plist.xml; path = Info.plist; sourceTree = "<group>"; };
		0C58368525C3A7CB000F9D31 /* preworkTests.xctest */ = {isa = PBXFileReference; explicitFileType = wrapper.cfbundle; includeInIndex = 0; path = preworkTests.xctest; sourceTree = BUILT_PRODUCTS_DIR; };
		0C58368925C3A7CB000F9D31 /* preworkTests.swift */ = {isa = PBXFileReference; lastKnownFileType = sourcecode.swift; path = preworkTests.swift; sourceTree = "<group>"; };
		0C58368B25C3A7CB000F9D31 /* Info.plist */ = {isa = PBXFileReference; lastKnownFileType = text.plist.xml; path = Info.plist; sourceTree = "<group>"; };
		0C58369025C3A7CB000F9D31 /* preworkUITests.xctest */ = {isa = PBXFileReference; explicitFileType = wrapper.cfbundle; includeInIndex = 0; path = preworkUITests.xctest; sourceTree = BUILT_PRODUCTS_DIR; };
		0C58369425C3A7CB000F9D31 /* preworkUITests.swift */ = {isa = PBXFileReference; lastKnownFileType = sourcecode.swift; path = preworkUITests.swift; sourceTree = "<group>"; };
		0C58369625C3A7CB000F9D31 /* Info.plist */ = {isa = PBXFileReference; lastKnownFileType = text.plist.xml; path = Info.plist; sourceTree = "<group>"; };
/* End PBXFileReference section */

/* Begin PBXFrameworksBuildPhase section */
		0C58366C25C3A7CA000F9D31 /* Frameworks */ = {
			isa = PBXFrameworksBuildPhase;
			buildActionMask = 2147483647;
			files = (
			);
			runOnlyForDeploymentPostprocessing = 0;
		};
		0C58368225C3A7CB000F9D31 /* Frameworks */ = {
			isa = PBXFrameworksBuildPhase;
			buildActionMask = 2147483647;
			files = (
			);
			runOnlyForDeploymentPostprocessing = 0;
		};
		0C58368D25C3A7CB000F9D31 /* Frameworks */ = {
			isa = PBXFrameworksBuildPhase;
			buildActionMask = 2147483647;
			files = (
			);
			runOnlyForDeploymentPostprocessing = 0;
		};
/* End PBXFrameworksBuildPhase section */

/* Begin PBXGroup section */
		0C58366625C3A7CA000F9D31 = {
			isa = PBXGroup;
			children = (
				0C58367125C3A7CA000F9D31 /* prework */,
				0C58368825C3A7CB000F9D31 /* preworkTests */,
				0C58369325C3A7CB000F9D31 /* preworkUITests */,
				0C58367025C3A7CA000F9D31 /* Products */,
			);
			sourceTree = "<group>";
		};
		0C58367025C3A7CA000F9D31 /* Products */ = {
			isa = PBXGroup;
			children = (
				0C58366F25C3A7CA000F9D31 /* prework.app */,
				0C58368525C3A7CB000F9D31 /* preworkTests.xctest */,
				0C58369025C3A7CB000F9D31 /* preworkUITests.xctest */,
			);
			name = Products;
			sourceTree = "<group>";
		};
		0C58367125C3A7CA000F9D31 /* prework */ = {
			isa = PBXGroup;
			children = (
				0C58367225C3A7CA000F9D31 /* AppDelegate.swift */,
				0C58367425C3A7CA000F9D31 /* SceneDelegate.swift */,
				0C58367625C3A7CA000F9D31 /* ViewController.swift */,
				0C58367825C3A7CA000F9D31 /* Main.storyboard */,
				0C58367B25C3A7CB000F9D31 /* Assets.xcassets */,
				0C58367D25C3A7CB000F9D31 /* LaunchScreen.storyboard */,
				0C58368025C3A7CB000F9D31 /* Info.plist */,
			);
			path = prework;
			sourceTree = "<group>";
		};
		0C58368825C3A7CB000F9D31 /* preworkTests */ = {
			isa = PBXGroup;
			children = (
				0C58368925C3A7CB000F9D31 /* preworkTests.swift */,
				0C58368B25C3A7CB000F9D31 /* Info.plist */,
			);
			path = preworkTests;
			sourceTree = "<group>";
		};
		0C58369325C3A7CB000F9D31 /* preworkUITests */ = {
			isa = PBXGroup;
			children = (
				0C58369425C3A7CB000F9D31 /* preworkUITests.swift */,
				0C58369625C3A7CB000F9D31 /* Info.plist */,
			);
			path = preworkUITests;
			sourceTree = "<group>";
		};
/* End PBXGroup section */

/* Begin PBXNativeTarget section */
		0C58366E25C3A7CA000F9D31 /* prework */ = {
			isa = PBXNativeTarget;
			buildConfigurationList = 0C58369925C3A7CB000F9D31 /* Build configuration list for PBXNativeTarget "prework" */;
			buildPhases = (
				0C58366B25C3A7CA000F9D31 /* Sources */,
				0C58366C25C3A7CA000F9D31 /* Frameworks */,
				0C58366D25C3A7CA000F9D31 /* Resources */,
			);
			buildRules = (
			);
			dependencies = (
			);
			name = prework;
			productName = prework;
			productReference = 0C58366F25C3A7CA000F9D31 /* prework.app */;
			productType = "com.apple.product-type.application";
		};
		0C58368425C3A7CB000F9D31 /* preworkTests */ = {
			isa = PBXNativeTarget;
			buildConfigurationList = 0C58369C25C3A7CB000F9D31 /* Build configuration list for PBXNativeTarget "preworkTests" */;
			buildPhases = (
				0C58368125C3A7CB000F9D31 /* Sources */,
				0C58368225C3A7CB000F9D31 /* Frameworks */,
				0C58368325C3A7CB000F9D31 /* Resources */,
			);
			buildRules = (
			);
			dependencies = (
				0C58368725C3A7CB000F9D31 /* PBXTargetDependency */,
			);
			name = preworkTests;
			productName = preworkTests;
			productReference = 0C58368525C3A7CB000F9D31 /* preworkTests.xctest */;
			productType = "com.apple.product-type.bundle.unit-test";
		};
		0C58368F25C3A7CB000F9D31 /* preworkUITests */ = {
			isa = PBXNativeTarget;
			buildConfigurationList = 0C58369F25C3A7CB000F9D31 /* Build configuration list for PBXNativeTarget "preworkUITests" */;
			buildPhases = (
				0C58368C25C3A7CB000F9D31 /* Sources */,
				0C58368D25C3A7CB000F9D31 /* Frameworks */,
				0C58368E25C3A7CB000F9D31 /* Resources */,
			);
			buildRules = (
			);
			dependencies = (
				0C58369225C3A7CB000F9D31 /* PBXTargetDependency */,
			);
			name = preworkUITests;
			productName = preworkUITests;
			productReference = 0C58369025C3A7CB000F9D31 /* preworkUITests.xctest */;
			productType = "com.apple.product-type.bundle.ui-testing";
		};
/* End PBXNativeTarget section */

/* Begin PBXProject section */
		0C58366725C3A7CA000F9D31 /* Project object */ = {
			isa = PBXProject;
			attributes = {
				LastSwiftUpdateCheck = 1240;
				LastUpgradeCheck = 1240;
				TargetAttributes = {
					0C58366E25C3A7CA000F9D31 = {
						CreatedOnToolsVersion = 12.4;
					};
					0C58368425C3A7CB000F9D31 = {
						CreatedOnToolsVersion = 12.4;
						TestTargetID = 0C58366E25C3A7CA000F9D31;
					};
					0C58368F25C3A7CB000F9D31 = {
						CreatedOnToolsVersion = 12.4;
						TestTargetID = 0C58366E25C3A7CA000F9D31;
					};
				};
			};
			buildConfigurationList = 0C58366A25C3A7CA000F9D31 /* Build configuration list for PBXProject "prework" */;
			compatibilityVersion = "Xcode 9.3";
			developmentRegion = en;
			hasScannedForEncodings = 0;
			knownRegions = (
				en,
				Base,
			);
			mainGroup = 0C58366625C3A7CA000F9D31;
			productRefGroup = 0C58367025C3A7CA000F9D31 /* Products */;
			projectDirPath = "";
			projectRoot = "";
			targets = (
				0C58366E25C3A7CA000F9D31 /* prework */,
				0C58368425C3A7CB000F9D31 /* preworkTests */,
				0C58368F25C3A7CB000F9D31 /* preworkUITests */,
			);
		};
/* End PBXProject section */

/* Begin PBXResourcesBuildPhase section */
		0C58366D25C3A7CA000F9D31 /* Resources */ = {
			isa = PBXResourcesBuildPhase;
			buildActionMask = 2147483647;
			files = (
				0C58367F25C3A7CB000F9D31 /* LaunchScreen.storyboard in Resources */,
				0C58367C25C3A7CB000F9D31 /* Assets.xcassets in Resources */,
				0C58367A25C3A7CA000F9D31 /* Main.storyboard in Resources */,
			);
			runOnlyForDeploymentPostprocessing = 0;
		};
		0C58368325C3A7CB000F9D31 /* Resources */ = {
			isa = PBXResourcesBuildPhase;
			buildActionMask = 2147483647;
			files = (
			);
			runOnlyForDeploymentPostprocessing = 0;
		};
		0C58368E25C3A7CB000F9D31 /* Resources */ = {
			isa = PBXResourcesBuildPhase;
			buildActionMask = 2147483647;
			files = (
			);
			runOnlyForDeploymentPostprocessing = 0;
		};
/* End PBXResourcesBuildPhase section */

/* Begin PBXSourcesBuildPhase section */
		0C58366B25C3A7CA000F9D31 /* Sources */ = {
			isa = PBXSourcesBuildPhase;
			buildActionMask = 2147483647;
			files = (
				0C58367725C3A7CA000F9D31 /* ViewController.swift in Sources */,
				0C58367325C3A7CA000F9D31 /* AppDelegate.swift in Sources */,
				0C58367525C3A7CA000F9D31 /* SceneDelegate.swift in Sources */,
			);
			runOnlyForDeploymentPostprocessing = 0;
		};
		0C58368125C3A7CB000F9D31 /* Sources */ = {
			isa = PBXSourcesBuildPhase;
			buildActionMask = 2147483647;
			files = (
				0C58368A25C3A7CB000F9D31 /* preworkTests.swift in Sources */,
			);
			runOnlyForDeploymentPostprocessing = 0;
		};
		0C58368C25C3A7CB000F9D31 /* Sources */ = {
			isa = PBXSourcesBuildPhase;
			buildActionMask = 2147483647;
			files = (
				0C58369525C3A7CB000F9D31 /* preworkUITests.swift in Sources */,
			);
			runOnlyForDeploymentPostprocessing = 0;
		};
/* End PBXSourcesBuildPhase section */

/* Begin PBXTargetDependency section */
		0C58368725C3A7CB000F9D31 /* PBXTargetDependency */ = {
			isa = PBXTargetDependency;
			target = 0C58366E25C3A7CA000F9D31 /* prework */;
			targetProxy = 0C58368625C3A7CB000F9D31 /* PBXContainerItemProxy */;
		};
		0C58369225C3A7CB000F9D31 /* PBXTargetDependency */ = {
			isa = PBXTargetDependency;
			target = 0C58366E25C3A7CA000F9D31 /* prework */;
			targetProxy = 0C58369125C3A7CB000F9D31 /* PBXContainerItemProxy */;
		};
/* End PBXTargetDependency section */

/* Begin PBXVariantGroup section */
		0C58367825C3A7CA000F9D31 /* Main.storyboard */ = {
			isa = PBXVariantGroup;
			children = (
				0C58367925C3A7CA000F9D31 /* Base */,
			);
			name = Main.storyboard;
			sourceTree = "<group>";
		};
		0C58367D25C3A7CB000F9D31 /* LaunchScreen.storyboard */ = {
			isa = PBXVariantGroup;
			children = (
				0C58367E25C3A7CB000F9D31 /* Base */,
			);
			name = LaunchScreen.storyboard;
			sourceTree = "<group>";
		};
/* End PBXVariantGroup section */

/* Begin XCBuildConfiguration section */
		0C58369725C3A7CB000F9D31 /* Debug */ = {
			isa = XCBuildConfiguration;
			buildSettings = {
				ALWAYS_SEARCH_USER_PATHS = NO;
				CLANG_ANALYZER_NONNULL = YES;
				CLANG_ANALYZER_NUMBER_OBJECT_CONVERSION = YES_AGGRESSIVE;
				CLANG_CXX_LANGUAGE_STANDARD = "gnu++14";
				CLANG_CXX_LIBRARY = "libc++";
				CLANG_ENABLE_MODULES = YES;
				CLANG_ENABLE_OBJC_ARC = YES;
				CLANG_ENABLE_OBJC_WEAK = YES;
				CLANG_WARN_BLOCK_CAPTURE_AUTORELEASING = YES;
				CLANG_WARN_BOOL_CONVERSION = YES;
				CLANG_WARN_COMMA = YES;
				CLANG_WARN_CONSTANT_CONVERSION = YES;
				CLANG_WARN_DEPRECATED_OBJC_IMPLEMENTATIONS = YES;
				CLANG_WARN_DIRECT_OBJC_ISA_USAGE = YES_ERROR;
				CLANG_WARN_DOCUMENTATION_COMMENTS = YES;
				CLANG_WARN_EMPTY_BODY = YES;
				CLANG_WARN_ENUM_CONVERSION = YES;
				CLANG_WARN_INFINITE_RECURSION = YES;
				CLANG_WARN_INT_CONVERSION = YES;
				CLANG_WARN_NON_LITERAL_NULL_CONVERSION = YES;
				CLANG_WARN_OBJC_IMPLICIT_RETAIN_SELF = YES;
				CLANG_WARN_OBJC_LITERAL_CONVERSION = YES;
				CLANG_WARN_OBJC_ROOT_CLASS = YES_ERROR;
				CLANG_WARN_QUOTED_INCLUDE_IN_FRAMEWORK_HEADER = YES;
				CLANG_WARN_RANGE_LOOP_ANALYSIS = YES;
				CLANG_WARN_STRICT_PROTOTYPES = YES;
				CLANG_WARN_SUSPICIOUS_MOVE = YES;
				CLANG_WARN_UNGUARDED_AVAILABILITY = YES_AGGRESSIVE;
				CLANG_WARN_UNREACHABLE_CODE = YES;
				CLANG_WARN__DUPLICATE_METHOD_MATCH = YES;
				COPY_PHASE_STRIP = NO;
				DEBUG_INFORMATION_FORMAT = dwarf;
				ENABLE_STRICT_OBJC_MSGSEND = YES;
				ENABLE_TESTABILITY = YES;
				GCC_C_LANGUAGE_STANDARD = gnu11;
				GCC_DYNAMIC_NO_PIC = NO;
				GCC_NO_COMMON_BLOCKS = YES;
				GCC_OPTIMIZATION_LEVEL = 0;
				GCC_PREPROCESSOR_DEFINITIONS = (
					"DEBUG=1",
					"$(inherited)",
				);
				GCC_WARN_64_TO_32_BIT_CONVERSION = YES;
				GCC_WARN_ABOUT_RETURN_TYPE = YES_ERROR;
				GCC_WARN_UNDECLARED_SELECTOR = YES;
				GCC_WARN_UNINITIALIZED_AUTOS = YES_AGGRESSIVE;
				GCC_WARN_UNUSED_FUNCTION = YES;
				GCC_WARN_UNUSED_VARIABLE = YES;
				IPHONEOS_DEPLOYMENT_TARGET = 14.4;
				MTL_ENABLE_DEBUG_INFO = INCLUDE_SOURCE;
				MTL_FAST_MATH = YES;
				ONLY_ACTIVE_ARCH = YES;
				SDKROOT = iphoneos;
				SWIFT_ACTIVE_COMPILATION_CONDITIONS = DEBUG;
				SWIFT_OPTIMIZATION_LEVEL = "-Onone";
			};
			name = Debug;
		};
		0C58369825C3A7CB000F9D31 /* Release */ = {
			isa = XCBuildConfiguration;
			buildSettings = {
				ALWAYS_SEARCH_USER_PATHS = NO;
				CLANG_ANALYZER_NONNULL = YES;
				CLANG_ANALYZER_NUMBER_OBJECT_CONVERSION = YES_AGGRESSIVE;
				CLANG_CXX_LANGUAGE_STANDARD = "gnu++14";
				CLANG_CXX_LIBRARY = "libc++";
				CLANG_ENABLE_MODULES = YES;
				CLANG_ENABLE_OBJC_ARC = YES;
				CLANG_ENABLE_OBJC_WEAK = YES;
				CLANG_WARN_BLOCK_CAPTURE_AUTORELEASING = YES;
				CLANG_WARN_BOOL_CONVERSION = YES;
				CLANG_WARN_COMMA = YES;
				CLANG_WARN_CONSTANT_CONVERSION = YES;
				CLANG_WARN_DEPRECATED_OBJC_IMPLEMENTATIONS = YES;
				CLANG_WARN_DIRECT_OBJC_ISA_USAGE = YES_ERROR;
				CLANG_WARN_DOCUMENTATION_COMMENTS = YES;
				CLANG_WARN_EMPTY_BODY = YES;
				CLANG_WARN_ENUM_CONVERSION = YES;
				CLANG_WARN_INFINITE_RECURSION = YES;
				CLANG_WARN_INT_CONVERSION = YES;
				CLANG_WARN_NON_LITERAL_NULL_CONVERSION = YES;
				CLANG_WARN_OBJC_IMPLICIT_RETAIN_SELF = YES;
				CLANG_WARN_OBJC_LITERAL_CONVERSION = YES;
				CLANG_WARN_OBJC_ROOT_CLASS = YES_ERROR;
				CLANG_WARN_QUOTED_INCLUDE_IN_FRAMEWORK_HEADER = YES;
				CLANG_WARN_RANGE_LOOP_ANALYSIS = YES;
				CLANG_WARN_STRICT_PROTOTYPES = YES;
				CLANG_WARN_SUSPICIOUS_MOVE = YES;
				CLANG_WARN_UNGUARDED_AVAILABILITY = YES_AGGRESSIVE;
				CLANG_WARN_UNREACHABLE_CODE = YES;
				CLANG_WARN__DUPLICATE_METHOD_MATCH = YES;
				COPY_PHASE_STRIP = NO;
				DEBUG_INFORMATION_FORMAT = "dwarf-with-dsym";
				ENABLE_NS_ASSERTIONS = NO;
				ENABLE_STRICT_OBJC_MSGSEND = YES;
				GCC_C_LANGUAGE_STANDARD = gnu11;
				GCC_NO_COMMON_BLOCKS = YES;
				GCC_WARN_64_TO_32_BIT_CONVERSION = YES;
				GCC_WARN_ABOUT_RETURN_TYPE = YES_ERROR;
				GCC_WARN_UNDECLARED_SELECTOR = YES;
				GCC_WARN_UNINITIALIZED_AUTOS = YES_AGGRESSIVE;
				GCC_WARN_UNUSED_FUNCTION = YES;
				GCC_WARN_UNUSED_VARIABLE = YES;
				IPHONEOS_DEPLOYMENT_TARGET = 14.4;
				MTL_ENABLE_DEBUG_INFO = NO;
				MTL_FAST_MATH = YES;
				SDKROOT = iphoneos;
				SWIFT_COMPILATION_MODE = wholemodule;
				SWIFT_OPTIMIZATION_LEVEL = "-O";
				VALIDATE_PRODUCT = YES;
			};
			name = Release;
		};
		0C58369A25C3A7CB000F9D31 /* Debug */ = {
			isa = XCBuildConfiguration;
			buildSettings = {
				ASSETCATALOG_COMPILER_APPICON_NAME = AppIcon;
				ASSETCATALOG_COMPILER_GLOBAL_ACCENT_COLOR_NAME = AccentColor;
				CODE_SIGN_STYLE = Automatic;
				INFOPLIST_FILE = prework/Info.plist;
				LD_RUNPATH_SEARCH_PATHS = (
					"$(inherited)",
					"@executable_path/Frameworks",
				);
				PRODUCT_BUNDLE_IDENTIFIER = "ting.qu.1-stonybrook.edu.prework";
				PRODUCT_NAME = "$(TARGET_NAME)";
				SWIFT_VERSION = 5.0;
				TARGETED_DEVICE_FAMILY = "1,2";
			};
			name = Debug;
		};
		0C58369B25C3A7CB000F9D31 /* Release */ = {
			isa = XCBuildConfiguration;
			buildSettings = {
				ASSETCATALOG_COMPILER_APPICON_NAME = AppIcon;
				ASSETCATALOG_COMPILER_GLOBAL_ACCENT_COLOR_NAME = AccentColor;
				CODE_SIGN_STYLE = Automatic;
				INFOPLIST_FILE = prework/Info.plist;
				LD_RUNPATH_SEARCH_PATHS = (
					"$(inherited)",
					"@executable_path/Frameworks",
				);
				PRODUCT_BUNDLE_IDENTIFIER = "ting.qu.1-stonybrook.edu.prework";
				PRODUCT_NAME = "$(TARGET_NAME)";
				SWIFT_VERSION = 5.0;
				TARGETED_DEVICE_FAMILY = "1,2";
			};
			name = Release;
		};
		0C58369D25C3A7CB000F9D31 /* Debug */ = {
			isa = XCBuildConfiguration;
			buildSettings = {
				ALWAYS_EMBED_SWIFT_STANDARD_LIBRARIES = YES;
				BUNDLE_LOADER = "$(TEST_HOST)";
				CODE_SIGN_STYLE = Automatic;
				INFOPLIST_FILE = preworkTests/Info.plist;
				IPHONEOS_DEPLOYMENT_TARGET = 14.4;
				LD_RUNPATH_SEARCH_PATHS = (
					"$(inherited)",
					"@executable_path/Frameworks",
					"@loader_path/Frameworks",
				);
				PRODUCT_BUNDLE_IDENTIFIER = "ting.qu.1-stonybrook.edu.preworkTests";
				PRODUCT_NAME = "$(TARGET_NAME)";
				SWIFT_VERSION = 5.0;
				TARGETED_DEVICE_FAMILY = "1,2";
				TEST_HOST = "$(BUILT_PRODUCTS_DIR)/prework.app/prework";
			};
			name = Debug;
		};
		0C58369E25C3A7CB000F9D31 /* Release */ = {
			isa = XCBuildConfiguration;
			buildSettings = {
				ALWAYS_EMBED_SWIFT_STANDARD_LIBRARIES = YES;
				BUNDLE_LOADER = "$(TEST_HOST)";
				CODE_SIGN_STYLE = Automatic;
				INFOPLIST_FILE = preworkTests/Info.plist;
				IPHONEOS_DEPLOYMENT_TARGET = 14.4;
				LD_RUNPATH_SEARCH_PATHS = (
					"$(inherited)",
					"@executable_path/Frameworks",
					"@loader_path/Frameworks",
				);
				PRODUCT_BUNDLE_IDENTIFIER = "ting.qu.1-stonybrook.edu.preworkTests";
				PRODUCT_NAME = "$(TARGET_NAME)";
				SWIFT_VERSION = 5.0;
				TARGETED_DEVICE_FAMILY = "1,2";
				TEST_HOST = "$(BUILT_PRODUCTS_DIR)/prework.app/prework";
			};
			name = Release;
		};
		0C5836A025C3A7CB000F9D31 /* Debug */ = {
			isa = XCBuildConfiguration;
			buildSettings = {
				ALWAYS_EMBED_SWIFT_STANDARD_LIBRARIES = YES;
				CODE_SIGN_STYLE = Automatic;
				INFOPLIST_FILE = preworkUITests/Info.plist;
				LD_RUNPATH_SEARCH_PATHS = (
					"$(inherited)",
					"@executable_path/Frameworks",
					"@loader_path/Frameworks",
				);
				PRODUCT_BUNDLE_IDENTIFIER = "ting.qu.1-stonybrook.edu.preworkUITests";
				PRODUCT_NAME = "$(TARGET_NAME)";
				SWIFT_VERSION = 5.0;
				TARGETED_DEVICE_FAMILY = "1,2";
				TEST_TARGET_NAME = prework;
			};
			name = Debug;
		};
		0C5836A125C3A7CB000F9D31 /* Release */ = {
			isa = XCBuildConfiguration;
			buildSettings = {
				ALWAYS_EMBED_SWIFT_STANDARD_LIBRARIES = YES;
				CODE_SIGN_STYLE = Automatic;
				INFOPLIST_FILE = preworkUITests/Info.plist;
				LD_RUNPATH_SEARCH_PATHS = (
					"$(inherited)",
					"@executable_path/Frameworks",
					"@loader_path/Frameworks",
				);
				PRODUCT_BUNDLE_IDENTIFIER = "ting.qu.1-stonybrook.edu.preworkUITests";
				PRODUCT_NAME = "$(TARGET_NAME)";
				SWIFT_VERSION = 5.0;
				TARGETED_DEVICE_FAMILY = "1,2";
				TEST_TARGET_NAME = prework;
			};
			name = Release;
		};
/* End XCBuildConfiguration section */

/* Begin XCConfigurationList section */
		0C58366A25C3A7CA000F9D31 /* Build configuration list for PBXProject "prework" */ = {
			isa = XCConfigurationList;
			buildConfigurations = (
				0C58369725C3A7CB000F9D31 /* Debug */,
				0C58369825C3A7CB000F9D31 /* Release */,
			);
			defaultConfigurationIsVisible = 0;
			defaultConfigurationName = Release;
		};
		0C58369925C3A7CB000F9D31 /* Build configuration list for PBXNativeTarget "prework" */ = {
			isa = XCConfigurationList;
			buildConfigurations = (
				0C58369A25C3A7CB000F9D31 /* Debug */,
				0C58369B25C3A7CB000F9D31 /* Release */,
			);
			defaultConfigurationIsVisible = 0;
			defaultConfigurationName = Release;
		};
		0C58369C25C3A7CB000F9D31 /* Build configuration list for PBXNativeTarget "preworkTests" */ = {
			isa = XCConfigurationList;
			buildConfigurations = (
				0C58369D25C3A7CB000F9D31 /* Debug */,
				0C58369E25C3A7CB000F9D31 /* Release */,
			);
			defaultConfigurationIsVisible = 0;
			defaultConfigurationName = Release;
		};
		0C58369F25C3A7CB000F9D31 /* Build configuration list for PBXNativeTarget "preworkUITests" */ = {
			isa = XCConfigurationList;
			buildConfigurations = (
				0C5836A025C3A7CB000F9D31 /* Debug */,
				0C5836A125C3A7CB000F9D31 /* Release */,
			);
			defaultConfigurationIsVisible = 0;
			defaultConfigurationName = Release;
		};
/* End XCConfigurationList section */
	};
	rootObject = 0C58366725C3A7CA000F9D31 /* Project object */;
}
